
Microsoft Visual Studio Solution File, Format Version 12.00
# Visual Studio 15
VisualStudioVersion = 15.0.28010.2041
MinimumVisualStudioVersion = 10.0.40219.1
Project("{FAE04EC0-301F-11D3-BF4B-00C04F79EFBC}") = "task15", "task15\task15.csproj", "{20FDFBE3-D6C2-474E-94E3-875858D9B101}"
EndProject
Global
	GlobalSection(SolutionConfigurationPlatforms) = preSolution
		Debug|Any CPU = Debug|Any CPU
		Release|Any CPU = Release|Any CPU
	EndGlobalSection
	GlobalSection(ProjectConfigurationPlatforms) = postSolution
		{20FDFBE3-D6C2-474E-94E3-875858D9B101}.Debug|Any CPU.ActiveCfg = Debug|Any CPU
		{20FDFBE3-D6C2-474E-94E3-875858D9B101}.Debug|Any CPU.Build.0 = Debug|Any CPU
		{20FDFBE3-D6C2-474E-94E3-875858D9B101}.Release|Any CPU.ActiveCfg = Release|Any CPU
		{20FDFBE3-D6C2-474E-94E3-875858D9B101}.Release|Any CPU.Build.0 = Release|Any CPU
	EndGlobalSection
	GlobalSection(SolutionProperties) = preSolution
		HideSolutionNode = FALSE
	EndGlobalSection
	GlobalSection(ExtensibilityGlobals) = postSolution
		SolutionGuid = {00163014-5ED2-44C4-BA1D-C3D35987B24A}
	EndGlobalSection
EndGlobal
