
Microsoft Visual Studio Solution File, Format Version 12.00
# Visual Studio 15
VisualStudioVersion = 15.0.28010.2041
MinimumVisualStudioVersion = 10.0.40219.1
Project("{FAE04EC0-301F-11D3-BF4B-00C04F79EFBC}") = "task8", "task8\task8.csproj", "{A8F92ED9-6804-444B-AD4C-A0B2AE17DFC1}"
EndProject
Global
	GlobalSection(SolutionConfigurationPlatforms) = preSolution
		Debug|Any CPU = Debug|Any CPU
		Release|Any CPU = Release|Any CPU
	EndGlobalSection
	GlobalSection(ProjectConfigurationPlatforms) = postSolution
		{A8F92ED9-6804-444B-AD4C-A0B2AE17DFC1}.Debug|Any CPU.ActiveCfg = Debug|Any CPU
		{A8F92ED9-6804-444B-AD4C-A0B2AE17DFC1}.Debug|Any CPU.Build.0 = Debug|Any CPU
		{A8F92ED9-6804-444B-AD4C-A0B2AE17DFC1}.Release|Any CPU.ActiveCfg = Release|Any CPU
		{A8F92ED9-6804-444B-AD4C-A0B2AE17DFC1}.Release|Any CPU.Build.0 = Release|Any CPU
	EndGlobalSection
	GlobalSection(SolutionProperties) = preSolution
		HideSolutionNode = FALSE
	EndGlobalSection
	GlobalSection(ExtensibilityGlobals) = postSolution
		SolutionGuid = {B0729BBB-1AD6-4113-BAC5-03ED8075FE1C}
	EndGlobalSection
EndGlobal
